
Microsoft Visual Studio Solution File, Format Version 12.00
# Visual Studio Version 17
VisualStudioVersion = 17.1.32210.238
MinimumVisualStudioVersion = 10.0.40219.1
Project("{9A19103F-16F7-4668-BE54-9A1E7A4F7556}") = "Expenses.WebApi", "Expenses.WebApi\Expenses.WebApi.csproj", "{6B332E68-38F8-45C3-B980-18ACEC74737B}"
EndProject
Project("{9A19103F-16F7-4668-BE54-9A1E7A4F7556}") = "Expenses.DB", "Expenses.DB\Expenses.DB.csproj", "{2AA15651-9C31-401B-9D57-6BD487747800}"
EndProject
Project("{FAE04EC0-301F-11D3-BF4B-00C04F79EFBC}") = "Expenses.Core", "Expenses.Core\Expenses.Core.csproj", "{6B84A5AF-8E53-40DC-B527-8C5479A559EE}"
EndProject
Global
	GlobalSection(SolutionConfigurationPlatforms) = preSolution
		Debug|Any CPU = Debug|Any CPU
		Release|Any CPU = Release|Any CPU
	EndGlobalSection
	GlobalSection(ProjectConfigurationPlatforms) = postSolution
		{6B332E68-38F8-45C3-B980-18ACEC74737B}.Debug|Any CPU.ActiveCfg = Debug|Any CPU
		{6B332E68-38F8-45C3-B980-18ACEC74737B}.Debug|Any CPU.Build.0 = Debug|Any CPU
		{6B332E68-38F8-45C3-B980-18ACEC74737B}.Release|Any CPU.ActiveCfg = Release|Any CPU
		{6B332E68-38F8-45C3-B980-18ACEC74737B}.Release|Any CPU.Build.0 = Release|Any CPU
		{2AA15651-9C31-401B-9D57-6BD487747800}.Debug|Any CPU.ActiveCfg = Debug|Any CPU
		{2AA15651-9C31-401B-9D57-6BD487747800}.Debug|Any CPU.Build.0 = Debug|Any CPU
		{2AA15651-9C31-401B-9D57-6BD487747800}.Release|Any CPU.ActiveCfg = Release|Any CPU
		{2AA15651-9C31-401B-9D57-6BD487747800}.Release|Any CPU.Build.0 = Release|Any CPU
		{6B84A5AF-8E53-40DC-B527-8C5479A559EE}.Debug|Any CPU.ActiveCfg = Debug|Any CPU
		{6B84A5AF-8E53-40DC-B527-8C5479A559EE}.Debug|Any CPU.Build.0 = Debug|Any CPU
		{6B84A5AF-8E53-40DC-B527-8C5479A559EE}.Release|Any CPU.ActiveCfg = Release|Any CPU
		{6B84A5AF-8E53-40DC-B527-8C5479A559EE}.Release|Any CPU.Build.0 = Release|Any CPU
	EndGlobalSection
	GlobalSection(SolutionProperties) = preSolution
		HideSolutionNode = FALSE
	EndGlobalSection
	GlobalSection(ExtensibilityGlobals) = postSolution
		SolutionGuid = {39259BFD-25A4-49B7-84B0-4FC0229C24B7}
	EndGlobalSection
EndGlobal
